{
    "version": 3,
    "terraform_version": "0.11.11",
    "serial": 18,
    "lineage": "42577c0e-bff6-9abf-f162-1f573bb728de",
    "modules": [
        {
            "path": [
                "root"
            ],
            "outputs": {},
            "resources": {
                "github_branch.develop": {
                    "type": "github_branch",
                    "depends_on": [],
                    "primary": {
                        "id": "orestbobko-terraform:develop",
                        "attributes": {
                            "branch": "develop",
                            "etag": "W/\"21a36f7c91470657024256dd0a6b0186fadf7592938c3796627df344b5fe0865\"",
                            "id": "orestbobko-terraform:develop",
                            "ref": "refs/heads/develop",
                            "repository": "orestbobko-terraform",
                            "sha": "89f20fbf5cb6d2f1dd02082ecec4a8dbf3ca8775",
                            "source_branch": "main",
                            "source_sha": "89f20fbf5cb6d2f1dd02082ecec4a8dbf3ca8775"
                        },
                        "meta": {},
                        "tainted": false
                    },
                    "deposed": [],
                    "provider": "provider.github"
                },
                "github_repository.orestbobko-terraform": {
                    "type": "github_repository",
                    "depends_on": [],
                    "primary": {
                        "id": "orestbobko-terraform",
                        "attributes": {
                            "allow_merge_commit": "true",
                            "allow_rebase_merge": "true",
                            "allow_squash_merge": "true",
                            "archived": "false",
                            "default_branch": "main",
                            "delete_branch_on_merge": "false",
                            "description": "github-terraform",
                            "etag": "W/\"feb6432a74ccf163a87400ccd8480579f66167f6e9d25e197c840706a3dfd488\"",
                            "full_name": "Shaman09/orestbobko-terraform",
                            "git_clone_url": "git://github.com/Shaman09/orestbobko-terraform.git",
                            "has_downloads": "false",
                            "has_issues": "false",
                            "has_projects": "false",
                            "has_wiki": "false",
                            "homepage_url": "",
                            "html_url": "https://github.com/Shaman09/orestbobko-terraform",
                            "http_clone_url": "https://github.com/Shaman09/orestbobko-terraform.git",
                            "id": "orestbobko-terraform",
                            "is_template": "false",
                            "name": "orestbobko-terraform",
                            "node_id": "MDEwOlJlcG9zaXRvcnkzMDcwNjAzNTE=",
                            "private": "false",
                            "ssh_clone_url": "git@github.com:Shaman09/orestbobko-terraform.git",
                            "svn_url": "https://github.com/Shaman09/orestbobko-terraform",
                            "template.#": "0",
                            "topics.#": "0",
                            "visibility": "public",
                            "vulnerability_alerts": "false"
                        },
                        "meta": {},
                        "tainted": false
                    },
                    "deposed": [],
                    "provider": "provider.github"
                },
                "github_user_ssh_key.shaman-terraform": {
                    "type": "github_user_ssh_key",
                    "depends_on": [],
                    "primary": {
                        "id": "47288537",
                        "attributes": {
                            "etag": "W/\"c703c8c9f1d9195241a9fb35ef747220a9b58d58bf8d42b1b81991eb71be0576\"",
                            "id": "47288537",
                            "key": "ssh-rsa AAAAB3NzaC1yc2EAAAADAQABAAABgQC5cyI43i73ou2AuHw0CE9XxTCDW851Elxzzmf/Awy5M7WbGhbeS3noVhZ4XAVRP3kW72W5SXaryTtDM9pyIpyoVJYRL2o1m9sfZEpwEC3duZWz0rS+/pcHoUff13KAEkAI/6JKktbW84y+OkNAgxrVtJynaVytqnb5VugOV584av17fHNvxwbMmJ5r9gv0tkJgLAgyuw4mV4ifHRM2lrHd06tV/4j/sxTvyqD6Tq3OZB4lsFepmY/VVGs45w13/zt22H4G/SLUK6h/QK/CmwS8IKFwYrs3vZbmHo28AXN8zI/COOcLBWW0MTGaHQZuk1zZ9UKW59FtAdER7TTv+TqEKZGS4RG4xh9WWIJ8ezID9D8WS+BheAkctutWHloOBizmLTs4FS162OnEZWpwdy2nPB5IjMby2PZ0m2tILZGMzjIbGMLJm/xWNYBmlJFWJ1Rbzo4KSEpQMrCDZwEVt63uc7iTozTpUnUJdRHWVERBIBxbXJVcwLgI69dnCaVWz48=",
                            "title": "orestbobko-terraform",
                            "url": "https://api.github.com/user/keys/47288537"
                        },
                        "meta": {},
                        "tainted": false
                    },
                    "deposed": [],
                    "provider": "provider.github"
                }
            },
            "depends_on": []
        }
    ]
}
