{
    "version": 3,
    "terraform_version": "0.11.11",
    "serial": 9,
    "lineage": "24621afe-24da-2528-a514-927981ab00c4",
    "modules": [
        {
            "path": [
                "root"
            ],
            "outputs": {
                "ip": {
                    "sensitive": false,
                    "type": "list",
                    "value": [
                        "35.192.167.15",
                        "146.148.50.248"
                    ]
                }
            },
            "resources": {
                "google_compute_firewall.my-network-122": {
                    "type": "google_compute_firewall",
                    "depends_on": [],
                    "primary": {
                        "id": "web-firewall",
                        "attributes": {
                            "allow.#": "1",
                            "allow.1356536025.ports.#": "2",
                            "allow.1356536025.ports.0": "22",
                            "allow.1356536025.ports.1": "80-9090",
                            "allow.1356536025.protocol": "tcp",
                            "creation_timestamp": "2020-10-26T10:56:04.204-07:00",
                            "deny.#": "0",
                            "description": "",
                            "destination_ranges.#": "0",
                            "direction": "INGRESS",
                            "disabled": "false",
                            "id": "web-firewall",
                            "name": "web-firewall",
                            "network": "https://www.googleapis.com/compute/v1/projects/prod-266512/global/networks/my-network-122",
                            "priority": "1000",
                            "project": "prod-266512",
                            "self_link": "https://www.googleapis.com/compute/v1/projects/prod-266512/global/firewalls/web-firewall",
                            "source_ranges.#": "1",
                            "source_ranges.1080289494": "0.0.0.0/0",
                            "source_service_accounts.#": "0",
                            "source_tags.#": "0",
                            "target_service_accounts.#": "0",
                            "target_tags.#": "0"
                        },
                        "meta": {
                            "e2bfb730-ecaa-11e6-8f88-34363bc7c4c0": {
                                "create": 240000000000,
                                "delete": 240000000000,
                                "update": 240000000000
                            },
                            "schema_version": "1"
                        },
                        "tainted": false
                    },
                    "deposed": [],
                    "provider": "provider.google"
                },
                "google_compute_instance.vm_instance.0": {
                    "type": "google_compute_instance",
                    "depends_on": [],
                    "primary": {
                        "id": "orestbobko-instance-1",
                        "attributes": {
                            "attached_disk.#": "0",
                            "boot_disk.#": "1",
                            "boot_disk.0.auto_delete": "true",
                            "boot_disk.0.device_name": "persistent-disk-0",
                            "boot_disk.0.disk_encryption_key_raw": "",
                            "boot_disk.0.disk_encryption_key_sha256": "",
                            "boot_disk.0.initialize_params.#": "1",
                            "boot_disk.0.initialize_params.0.image": "https://www.googleapis.com/compute/v1/projects/centos-cloud/global/images/centos-7-v20201014",
                            "boot_disk.0.initialize_params.0.labels.%": "0",
                            "boot_disk.0.initialize_params.0.size": "20",
                            "boot_disk.0.initialize_params.0.type": "pd-standard",
                            "boot_disk.0.kms_key_self_link": "",
                            "boot_disk.0.mode": "READ_WRITE",
                            "boot_disk.0.source": "https://www.googleapis.com/compute/v1/projects/prod-266512/zones/us-central1-a/disks/orestbobko-instance-1",
                            "can_ip_forward": "false",
                            "cpu_platform": "AMD Rome",
                            "deletion_protection": "false",
                            "description": "",
                            "enable_display": "false",
                            "guest_accelerator.#": "0",
                            "hostname": "",
                            "id": "orestbobko-instance-1",
                            "instance_id": "3383142764815009171",
                            "label_fingerprint": "42WmSpB8rSM=",
                            "labels.%": "0",
                            "machine_type": "e2-small",
                            "metadata.%": "1",
                            "metadata.ssh_key": "shaman:ssh-rsa AAAAB3NzaC1yc2EAAAADAQABAAABgQC7kUWRLZHPHcPlA3nSUVWpARUCzB1l6m4yUubdA630KLbh98e8+1r8XL+fRXfQs/DC4n3YBGGCjkwSs9lIc84HbpQ5L+BgONFJRvsz01kd+5alc7nSZM9GBrTcwW0E4LieeVpCs2FuDuBe7wGMNKU0Sh5Ak2wFMXVBX904YdrUeUS1fnNzVbMxRK86167LKgNW9qPQfel4FneDzUaB1sMwWw8LQP9ahFzI85tGoUgA33Ro8N3Qh538HTsQBumynP9eh1A1tfsAyvTKpjt25aNEKUj+xQqvFygAgJQlc6wPCOvKo4gQ4sWCjFrd6JIEfntAr9YwHp1Y3UuYJZ3crAX+sLzBapk26fBFXoC06gxUWThiwPBUlv9yd9Q1+GF2OuD9enAwEIdE98bsFla8IiwZbsW0kmQhw0RnmXA4dai34NVcGJ/trUJkPneebg9GjqnPCfqkD4I7OeX+Ebo1Vy7jBFf0H8zD4YPxn0zPKNwdxFkcDnfAFvj9iVae/sUIRgE= shaman@shaman-virtual-machine\n",
                            "metadata_fingerprint": "aGlk8Kvc76M=",
                            "metadata_startup_script": "",
                            "min_cpu_platform": "",
                            "name": "orestbobko-instance-1",
                            "network_interface.#": "1",
                            "network_interface.0.access_config.#": "1",
                            "network_interface.0.access_config.0.assigned_nat_ip": "",
                            "network_interface.0.access_config.0.nat_ip": "35.192.167.15",
                            "network_interface.0.access_config.0.network_tier": "PREMIUM",
                            "network_interface.0.access_config.0.public_ptr_domain_name": "",
                            "network_interface.0.address": "",
                            "network_interface.0.alias_ip_range.#": "0",
                            "network_interface.0.name": "nic0",
                            "network_interface.0.network": "https://www.googleapis.com/compute/v1/projects/prod-266512/global/networks/my-network-122",
                            "network_interface.0.network_ip": "10.128.0.3",
                            "network_interface.0.subnetwork": "https://www.googleapis.com/compute/v1/projects/prod-266512/regions/us-central1/subnetworks/my-network-122",
                            "network_interface.0.subnetwork_project": "prod-266512",
                            "project": "prod-266512",
                            "scheduling.#": "1",
                            "scheduling.0.automatic_restart": "true",
                            "scheduling.0.node_affinities.#": "0",
                            "scheduling.0.on_host_maintenance": "MIGRATE",
                            "scheduling.0.preemptible": "false",
                            "scratch_disk.#": "0",
                            "self_link": "https://www.googleapis.com/compute/v1/projects/prod-266512/zones/us-central1-a/instances/orestbobko-instance-1",
                            "service_account.#": "0",
                            "shielded_instance_config.#": "1",
                            "shielded_instance_config.0.enable_integrity_monitoring": "true",
                            "shielded_instance_config.0.enable_secure_boot": "false",
                            "shielded_instance_config.0.enable_vtpm": "true",
                            "tags.#": "0",
                            "tags_fingerprint": "42WmSpB8rSM=",
                            "zone": "us-central1-a"
                        },
                        "meta": {
                            "e2bfb730-ecaa-11e6-8f88-34363bc7c4c0": {
                                "create": 1200000000000,
                                "delete": 1200000000000,
                                "update": 1200000000000
                            },
                            "schema_version": "6"
                        },
                        "tainted": false
                    },
                    "deposed": [],
                    "provider": "provider.google"
                },
                "google_compute_instance.vm_instance.1": {
                    "type": "google_compute_instance",
                    "depends_on": [],
                    "primary": {
                        "id": "orestbobko-instance-2",
                        "attributes": {
                            "attached_disk.#": "0",
                            "boot_disk.#": "1",
                            "boot_disk.0.auto_delete": "true",
                            "boot_disk.0.device_name": "persistent-disk-0",
                            "boot_disk.0.disk_encryption_key_raw": "",
                            "boot_disk.0.disk_encryption_key_sha256": "",
                            "boot_disk.0.initialize_params.#": "1",
                            "boot_disk.0.initialize_params.0.image": "https://www.googleapis.com/compute/v1/projects/centos-cloud/global/images/centos-7-v20201014",
                            "boot_disk.0.initialize_params.0.labels.%": "0",
                            "boot_disk.0.initialize_params.0.size": "20",
                            "boot_disk.0.initialize_params.0.type": "pd-standard",
                            "boot_disk.0.kms_key_self_link": "",
                            "boot_disk.0.mode": "READ_WRITE",
                            "boot_disk.0.source": "https://www.googleapis.com/compute/v1/projects/prod-266512/zones/us-central1-a/disks/orestbobko-instance-2",
                            "can_ip_forward": "false",
                            "cpu_platform": "AMD Rome",
                            "deletion_protection": "false",
                            "description": "",
                            "enable_display": "false",
                            "guest_accelerator.#": "0",
                            "hostname": "",
                            "id": "orestbobko-instance-2",
                            "instance_id": "8235465269577467283",
                            "label_fingerprint": "42WmSpB8rSM=",
                            "labels.%": "0",
                            "machine_type": "e2-small",
                            "metadata.%": "1",
                            "metadata.ssh_key": "shaman:ssh-rsa AAAAB3NzaC1yc2EAAAADAQABAAABgQC7kUWRLZHPHcPlA3nSUVWpARUCzB1l6m4yUubdA630KLbh98e8+1r8XL+fRXfQs/DC4n3YBGGCjkwSs9lIc84HbpQ5L+BgONFJRvsz01kd+5alc7nSZM9GBrTcwW0E4LieeVpCs2FuDuBe7wGMNKU0Sh5Ak2wFMXVBX904YdrUeUS1fnNzVbMxRK86167LKgNW9qPQfel4FneDzUaB1sMwWw8LQP9ahFzI85tGoUgA33Ro8N3Qh538HTsQBumynP9eh1A1tfsAyvTKpjt25aNEKUj+xQqvFygAgJQlc6wPCOvKo4gQ4sWCjFrd6JIEfntAr9YwHp1Y3UuYJZ3crAX+sLzBapk26fBFXoC06gxUWThiwPBUlv9yd9Q1+GF2OuD9enAwEIdE98bsFla8IiwZbsW0kmQhw0RnmXA4dai34NVcGJ/trUJkPneebg9GjqnPCfqkD4I7OeX+Ebo1Vy7jBFf0H8zD4YPxn0zPKNwdxFkcDnfAFvj9iVae/sUIRgE= shaman@shaman-virtual-machine\n",
                            "metadata_fingerprint": "aGlk8Kvc76M=",
                            "metadata_startup_script": "",
                            "min_cpu_platform": "",
                            "name": "orestbobko-instance-2",
                            "network_interface.#": "1",
                            "network_interface.0.access_config.#": "1",
                            "network_interface.0.access_config.0.assigned_nat_ip": "",
                            "network_interface.0.access_config.0.nat_ip": "146.148.50.248",
                            "network_interface.0.access_config.0.network_tier": "PREMIUM",
                            "network_interface.0.access_config.0.public_ptr_domain_name": "",
                            "network_interface.0.address": "",
                            "network_interface.0.alias_ip_range.#": "0",
                            "network_interface.0.name": "nic0",
                            "network_interface.0.network": "https://www.googleapis.com/compute/v1/projects/prod-266512/global/networks/my-network-122",
                            "network_interface.0.network_ip": "10.128.0.2",
                            "network_interface.0.subnetwork": "https://www.googleapis.com/compute/v1/projects/prod-266512/regions/us-central1/subnetworks/my-network-122",
                            "network_interface.0.subnetwork_project": "prod-266512",
                            "project": "prod-266512",
                            "scheduling.#": "1",
                            "scheduling.0.automatic_restart": "true",
                            "scheduling.0.node_affinities.#": "0",
                            "scheduling.0.on_host_maintenance": "MIGRATE",
                            "scheduling.0.preemptible": "false",
                            "scratch_disk.#": "0",
                            "self_link": "https://www.googleapis.com/compute/v1/projects/prod-266512/zones/us-central1-a/instances/orestbobko-instance-2",
                            "service_account.#": "0",
                            "shielded_instance_config.#": "1",
                            "shielded_instance_config.0.enable_integrity_monitoring": "true",
                            "shielded_instance_config.0.enable_secure_boot": "false",
                            "shielded_instance_config.0.enable_vtpm": "true",
                            "tags.#": "0",
                            "tags_fingerprint": "42WmSpB8rSM=",
                            "zone": "us-central1-a"
                        },
                        "meta": {
                            "e2bfb730-ecaa-11e6-8f88-34363bc7c4c0": {
                                "create": 1200000000000,
                                "delete": 1200000000000,
                                "update": 1200000000000
                            },
                            "schema_version": "6"
                        },
                        "tainted": false
                    },
                    "deposed": [],
                    "provider": "provider.google"
                },
                "google_compute_network.vpc_network": {
                    "type": "google_compute_network",
                    "depends_on": [],
                    "primary": {
                        "id": "my-network-122",
                        "attributes": {
                            "auto_create_subnetworks": "true",
                            "delete_default_routes_on_create": "false",
                            "description": "",
                            "gateway_ipv4": "",
                            "id": "my-network-122",
                            "ipv4_range": "",
                            "name": "my-network-122",
                            "project": "prod-266512",
                            "routing_mode": "REGIONAL",
                            "self_link": "https://www.googleapis.com/compute/v1/projects/prod-266512/global/networks/my-network-122"
                        },
                        "meta": {
                            "e2bfb730-ecaa-11e6-8f88-34363bc7c4c0": {
                                "create": 240000000000,
                                "delete": 240000000000,
                                "update": 240000000000
                            }
                        },
                        "tainted": false
                    },
                    "deposed": [],
                    "provider": "provider.google"
                }
            },
            "depends_on": []
        }
    ]
}
